
Microsoft Visual Studio Solution File, Format Version 12.00
# Visual Studio Version 17
VisualStudioVersion = 17.11.35312.102
MinimumVisualStudioVersion = 10.0.40219.1
Project("{FAE04EC0-301F-11D3-BF4B-00C04F79EFBC}") = "Blocknot", "Blocknot\Blocknot.csproj", "{0B38B137-8CA3-45FF-892F-5618DECCFFAD}"
EndProject
Global
	GlobalSection(SolutionConfigurationPlatforms) = preSolution
		Debug|Any CPU = Debug|Any CPU
		Release|Any CPU = Release|Any CPU
	EndGlobalSection
	GlobalSection(ProjectConfigurationPlatforms) = postSolution
		{0B38B137-8CA3-45FF-892F-5618DECCFFAD}.Debug|Any CPU.ActiveCfg = Debug|Any CPU
		{0B38B137-8CA3-45FF-892F-5618DECCFFAD}.Debug|Any CPU.Build.0 = Debug|Any CPU
		{0B38B137-8CA3-45FF-892F-5618DECCFFAD}.Release|Any CPU.ActiveCfg = Release|Any CPU
		{0B38B137-8CA3-45FF-892F-5618DECCFFAD}.Release|Any CPU.Build.0 = Release|Any CPU
	EndGlobalSection
	GlobalSection(SolutionProperties) = preSolution
		HideSolutionNode = FALSE
	EndGlobalSection
	GlobalSection(ExtensibilityGlobals) = postSolution
		SolutionGuid = {9F723897-F666-42B6-92F9-4A8465355D9E}
	EndGlobalSection
EndGlobal
